// !$*UTF8*$!
{
	archiveVersion = 1;
	classes = {
	};
	objectVersion = 56;
	objects = {

/* Begin PBXBuildFile section */
		4F17A2582BF701750023A142 /* LearningVisionApp.swift in Sources */ = {isa = PBXBuildFile; fileRef = 4F17A2572BF701750023A142 /* LearningVisionApp.swift */; };
		4F17A25A2BF701750023A142 /* ContentView.swift in Sources */ = {isa = PBXBuildFile; fileRef = 4F17A2592BF701750023A142 /* ContentView.swift */; };
		4F17A25C2BF701760023A142 /* Assets.xcassets in Resources */ = {isa = PBXBuildFile; fileRef = 4F17A25B2BF701760023A142 /* Assets.xcassets */; };
		4F17A2602BF701760023A142 /* Preview Assets.xcassets in Resources */ = {isa = PBXBuildFile; fileRef = 4F17A25F2BF701760023A142 /* Preview Assets.xcassets */; };
		4F17A26A2BF701760023A142 /* LearningVisionTests.swift in Sources */ = {isa = PBXBuildFile; fileRef = 4F17A2692BF701760023A142 /* LearningVisionTests.swift */; };
		4F17A2742BF701760023A142 /* LearningVisionUITests.swift in Sources */ = {isa = PBXBuildFile; fileRef = 4F17A2732BF701760023A142 /* LearningVisionUITests.swift */; };
		4F17A2762BF701760023A142 /* LearningVisionUITestsLaunchTests.swift in Sources */ = {isa = PBXBuildFile; fileRef = 4F17A2752BF701760023A142 /* LearningVisionUITestsLaunchTests.swift */; };
		4F17A2832BF7061D0023A142 /* ScanData.swift in Sources */ = {isa = PBXBuildFile; fileRef = 4F17A2822BF7061D0023A142 /* ScanData.swift */; };
		4F17A2872BF70E1D0023A142 /* ScannerView.swift in Sources */ = {isa = PBXBuildFile; fileRef = 4F17A2862BF70E1D0023A142 /* ScannerView.swift */; };
		4F17A2892BF7155B0023A142 /* TextRecognizer.swift in Sources */ = {isa = PBXBuildFile; fileRef = 4F17A2882BF7155B0023A142 /* TextRecognizer.swift */; };
/* End PBXBuildFile section */

/* Begin PBXContainerItemProxy section */
		4F17A2662BF701760023A142 /* PBXContainerItemProxy */ = {
			isa = PBXContainerItemProxy;
			containerPortal = 4F17A24C2BF701750023A142 /* Project object */;
			proxyType = 1;
			remoteGlobalIDString = 4F17A2532BF701750023A142;
			remoteInfo = LearningVision;
		};
		4F17A2702BF701760023A142 /* PBXContainerItemProxy */ = {
			isa = PBXContainerItemProxy;
			containerPortal = 4F17A24C2BF701750023A142 /* Project object */;
			proxyType = 1;
			remoteGlobalIDString = 4F17A2532BF701750023A142;
			remoteInfo = LearningVision;
		};
/* End PBXContainerItemProxy section */

/* Begin PBXFileReference section */
		4F17A2542BF701750023A142 /* LearningVision.app */ = {isa = PBXFileReference; explicitFileType = wrapper.application; includeInIndex = 0; path = LearningVision.app; sourceTree = BUILT_PRODUCTS_DIR; };
		4F17A2572BF701750023A142 /* LearningVisionApp.swift */ = {isa = PBXFileReference; lastKnownFileType = sourcecode.swift; path = LearningVisionApp.swift; sourceTree = "<group>"; };
		4F17A2592BF701750023A142 /* ContentView.swift */ = {isa = PBXFileReference; lastKnownFileType = sourcecode.swift; path = ContentView.swift; sourceTree = "<group>"; };
		4F17A25B2BF701760023A142 /* Assets.xcassets */ = {isa = PBXFileReference; lastKnownFileType = folder.assetcatalog; path = Assets.xcassets; sourceTree = "<group>"; };
		4F17A25D2BF701760023A142 /* LearningVision.entitlements */ = {isa = PBXFileReference; lastKnownFileType = text.plist.entitlements; path = LearningVision.entitlements; sourceTree = "<group>"; };
		4F17A25F2BF701760023A142 /* Preview Assets.xcassets */ = {isa = PBXFileReference; lastKnownFileType = folder.assetcatalog; path = "Preview Assets.xcassets"; sourceTree = "<group>"; };
		4F17A2652BF701760023A142 /* LearningVisionTests.xctest */ = {isa = PBXFileReference; explicitFileType = wrapper.cfbundle; includeInIndex = 0; path = LearningVisionTests.xctest; sourceTree = BUILT_PRODUCTS_DIR; };
		4F17A2692BF701760023A142 /* LearningVisionTests.swift */ = {isa = PBXFileReference; lastKnownFileType = sourcecode.swift; path = LearningVisionTests.swift; sourceTree = "<group>"; };
		4F17A26F2BF701760023A142 /* LearningVisionUITests.xctest */ = {isa = PBXFileReference; explicitFileType = wrapper.cfbundle; includeInIndex = 0; path = LearningVisionUITests.xctest; sourceTree = BUILT_PRODUCTS_DIR; };
		4F17A2732BF701760023A142 /* LearningVisionUITests.swift */ = {isa = PBXFileReference; lastKnownFileType = sourcecode.swift; path = LearningVisionUITests.swift; sourceTree = "<group>"; };
		4F17A2752BF701760023A142 /* LearningVisionUITestsLaunchTests.swift */ = {isa = PBXFileReference; lastKnownFileType = sourcecode.swift; path = LearningVisionUITestsLaunchTests.swift; sourceTree = "<group>"; };
		4F17A2822BF7061D0023A142 /* ScanData.swift */ = {isa = PBXFileReference; lastKnownFileType = sourcecode.swift; path = ScanData.swift; sourceTree = "<group>"; };
		4F17A2862BF70E1D0023A142 /* ScannerView.swift */ = {isa = PBXFileReference; lastKnownFileType = sourcecode.swift; path = ScannerView.swift; sourceTree = "<group>"; };
		4F17A2882BF7155B0023A142 /* TextRecognizer.swift */ = {isa = PBXFileReference; lastKnownFileType = sourcecode.swift; path = TextRecognizer.swift; sourceTree = "<group>"; };
		4F17A28A2BF723D40023A142 /* Info.plist */ = {isa = PBXFileReference; lastKnownFileType = text.plist; path = Info.plist; sourceTree = "<group>"; };
/* End PBXFileReference section */

/* Begin PBXFrameworksBuildPhase section */
		4F17A2512BF701750023A142 /* Frameworks */ = {
			isa = PBXFrameworksBuildPhase;
			buildActionMask = 2147483647;
			files = (
			);
			runOnlyForDeploymentPostprocessing = 0;
		};
		4F17A2622BF701760023A142 /* Frameworks */ = {
			isa = PBXFrameworksBuildPhase;
			buildActionMask = 2147483647;
			files = (
			);
			runOnlyForDeploymentPostprocessing = 0;
		};
		4F17A26C2BF701760023A142 /* Frameworks */ = {
			isa = PBXFrameworksBuildPhase;
			buildActionMask = 2147483647;
			files = (
			);
			runOnlyForDeploymentPostprocessing = 0;
		};
/* End PBXFrameworksBuildPhase section */

/* Begin PBXGroup section */
		4F17A24B2BF701750023A142 = {
			isa = PBXGroup;
			children = (
				4F17A2562BF701750023A142 /* LearningVision */,
				4F17A2682BF701760023A142 /* LearningVisionTests */,
				4F17A2722BF701760023A142 /* LearningVisionUITests */,
				4F17A2552BF701750023A142 /* Products */,
			);
			sourceTree = "<group>";
		};
		4F17A2552BF701750023A142 /* Products */ = {
			isa = PBXGroup;
			children = (
				4F17A2542BF701750023A142 /* LearningVision.app */,
				4F17A2652BF701760023A142 /* LearningVisionTests.xctest */,
				4F17A26F2BF701760023A142 /* LearningVisionUITests.xctest */,
			);
			name = Products;
			sourceTree = "<group>";
		};
		4F17A2562BF701750023A142 /* LearningVision */ = {
			isa = PBXGroup;
			children = (
				4F17A2572BF701750023A142 /* LearningVisionApp.swift */,
				4F17A2592BF701750023A142 /* ContentView.swift */,
				4F17A2822BF7061D0023A142 /* ScanData.swift */,
				4F17A2862BF70E1D0023A142 /* ScannerView.swift */,
				4F17A2882BF7155B0023A142 /* TextRecognizer.swift */,
				4F17A25B2BF701760023A142 /* Assets.xcassets */,
				4F17A28A2BF723D40023A142 /* Info.plist */,
				4F17A25D2BF701760023A142 /* LearningVision.entitlements */,
				4F17A25E2BF701760023A142 /* Preview Content */,
			);
			path = LearningVision;
			sourceTree = "<group>";
		};
		4F17A25E2BF701760023A142 /* Preview Content */ = {
			isa = PBXGroup;
			children = (
				4F17A25F2BF701760023A142 /* Preview Assets.xcassets */,
			);
			path = "Preview Content";
			sourceTree = "<group>";
		};
		4F17A2682BF701760023A142 /* LearningVisionTests */ = {
			isa = PBXGroup;
			children = (
				4F17A2692BF701760023A142 /* LearningVisionTests.swift */,
			);
			path = LearningVisionTests;
			sourceTree = "<group>";
		};
		4F17A2722BF701760023A142 /* LearningVisionUITests */ = {
			isa = PBXGroup;
			children = (
				4F17A2732BF701760023A142 /* LearningVisionUITests.swift */,
				4F17A2752BF701760023A142 /* LearningVisionUITestsLaunchTests.swift */,
			);
			path = LearningVisionUITests;
			sourceTree = "<group>";
		};
/* End PBXGroup section */

/* Begin PBXNativeTarget section */
		4F17A2532BF701750023A142 /* LearningVision */ = {
			isa = PBXNativeTarget;
			buildConfigurationList = 4F17A2792BF701760023A142 /* Build configuration list for PBXNativeTarget "LearningVision" */;
			buildPhases = (
				4F17A2502BF701750023A142 /* Sources */,
				4F17A2512BF701750023A142 /* Frameworks */,
				4F17A2522BF701750023A142 /* Resources */,
			);
			buildRules = (
			);
			dependencies = (
			);
			name = LearningVision;
			productName = LearningVision;
			productReference = 4F17A2542BF701750023A142 /* LearningVision.app */;
			productType = "com.apple.product-type.application";
		};
		4F17A2642BF701760023A142 /* LearningVisionTests */ = {
			isa = PBXNativeTarget;
			buildConfigurationList = 4F17A27C2BF701760023A142 /* Build configuration list for PBXNativeTarget "LearningVisionTests" */;
			buildPhases = (
				4F17A2612BF701760023A142 /* Sources */,
				4F17A2622BF701760023A142 /* Frameworks */,
				4F17A2632BF701760023A142 /* Resources */,
			);
			buildRules = (
			);
			dependencies = (
				4F17A2672BF701760023A142 /* PBXTargetDependency */,
			);
			name = LearningVisionTests;
			productName = LearningVisionTests;
			productReference = 4F17A2652BF701760023A142 /* LearningVisionTests.xctest */;
			productType = "com.apple.product-type.bundle.unit-test";
		};
		4F17A26E2BF701760023A142 /* LearningVisionUITests */ = {
			isa = PBXNativeTarget;
			buildConfigurationList = 4F17A27F2BF701760023A142 /* Build configuration list for PBXNativeTarget "LearningVisionUITests" */;
			buildPhases = (
				4F17A26B2BF701760023A142 /* Sources */,
				4F17A26C2BF701760023A142 /* Frameworks */,
				4F17A26D2BF701760023A142 /* Resources */,
			);
			buildRules = (
			);
			dependencies = (
				4F17A2712BF701760023A142 /* PBXTargetDependency */,
			);
			name = LearningVisionUITests;
			productName = LearningVisionUITests;
			productReference = 4F17A26F2BF701760023A142 /* LearningVisionUITests.xctest */;
			productType = "com.apple.product-type.bundle.ui-testing";
		};
/* End PBXNativeTarget section */

/* Begin PBXProject section */
		4F17A24C2BF701750023A142 /* Project object */ = {
			isa = PBXProject;
			attributes = {
				BuildIndependentTargetsInParallel = 1;
				LastSwiftUpdateCheck = 1520;
				LastUpgradeCheck = 1520;
				TargetAttributes = {
					4F17A2532BF701750023A142 = {
						CreatedOnToolsVersion = 15.2;
					};
					4F17A2642BF701760023A142 = {
						CreatedOnToolsVersion = 15.2;
						TestTargetID = 4F17A2532BF701750023A142;
					};
					4F17A26E2BF701760023A142 = {
						CreatedOnToolsVersion = 15.2;
						TestTargetID = 4F17A2532BF701750023A142;
					};
				};
			};
			buildConfigurationList = 4F17A24F2BF701750023A142 /* Build configuration list for PBXProject "LearningVision" */;
			compatibilityVersion = "Xcode 14.0";
			developmentRegion = en;
			hasScannedForEncodings = 0;
			knownRegions = (
				en,
				Base,
			);
			mainGroup = 4F17A24B2BF701750023A142;
			productRefGroup = 4F17A2552BF701750023A142 /* Products */;
			projectDirPath = "";
			projectRoot = "";
			targets = (
				4F17A2532BF701750023A142 /* LearningVision */,
				4F17A2642BF701760023A142 /* LearningVisionTests */,
				4F17A26E2BF701760023A142 /* LearningVisionUITests */,
			);
		};
/* End PBXProject section */

/* Begin PBXResourcesBuildPhase section */
		4F17A2522BF701750023A142 /* Resources */ = {
			isa = PBXResourcesBuildPhase;
			buildActionMask = 2147483647;
			files = (
				4F17A2602BF701760023A142 /* Preview Assets.xcassets in Resources */,
				4F17A25C2BF701760023A142 /* Assets.xcassets in Resources */,
			);
			runOnlyForDeploymentPostprocessing = 0;
		};
		4F17A2632BF701760023A142 /* Resources */ = {
			isa = PBXResourcesBuildPhase;
			buildActionMask = 2147483647;
			files = (
			);
			runOnlyForDeploymentPostprocessing = 0;
		};
		4F17A26D2BF701760023A142 /* Resources */ = {
			isa = PBXResourcesBuildPhase;
			buildActionMask = 2147483647;
			files = (
			);
			runOnlyForDeploymentPostprocessing = 0;
		};
/* End PBXResourcesBuildPhase section */

/* Begin PBXSourcesBuildPhase section */
		4F17A2502BF701750023A142 /* Sources */ = {
			isa = PBXSourcesBuildPhase;
			buildActionMask = 2147483647;
			files = (
				4F17A25A2BF701750023A142 /* ContentView.swift in Sources */,
				4F17A2872BF70E1D0023A142 /* ScannerView.swift in Sources */,
				4F17A2892BF7155B0023A142 /* TextRecognizer.swift in Sources */,
				4F17A2582BF701750023A142 /* LearningVisionApp.swift in Sources */,
				4F17A2832BF7061D0023A142 /* ScanData.swift in Sources */,
			);
			runOnlyForDeploymentPostprocessing = 0;
		};
		4F17A2612BF701760023A142 /* Sources */ = {
			isa = PBXSourcesBuildPhase;
			buildActionMask = 2147483647;
			files = (
				4F17A26A2BF701760023A142 /* LearningVisionTests.swift in Sources */,
			);
			runOnlyForDeploymentPostprocessing = 0;
		};
		4F17A26B2BF701760023A142 /* Sources */ = {
			isa = PBXSourcesBuildPhase;
			buildActionMask = 2147483647;
			files = (
				4F17A2762BF701760023A142 /* LearningVisionUITestsLaunchTests.swift in Sources */,
				4F17A2742BF701760023A142 /* LearningVisionUITests.swift in Sources */,
			);
			runOnlyForDeploymentPostprocessing = 0;
		};
/* End PBXSourcesBuildPhase section */

/* Begin PBXTargetDependency section */
		4F17A2672BF701760023A142 /* PBXTargetDependency */ = {
			isa = PBXTargetDependency;
			target = 4F17A2532BF701750023A142 /* LearningVision */;
			targetProxy = 4F17A2662BF701760023A142 /* PBXContainerItemProxy */;
		};
		4F17A2712BF701760023A142 /* PBXTargetDependency */ = {
			isa = PBXTargetDependency;
			target = 4F17A2532BF701750023A142 /* LearningVision */;
			targetProxy = 4F17A2702BF701760023A142 /* PBXContainerItemProxy */;
		};
/* End PBXTargetDependency section */

/* Begin XCBuildConfiguration section */
		4F17A2772BF701760023A142 /* Debug */ = {
			isa = XCBuildConfiguration;
			buildSettings = {
				ALWAYS_SEARCH_USER_PATHS = NO;
				ASSETCATALOG_COMPILER_GENERATE_SWIFT_ASSET_SYMBOL_EXTENSIONS = YES;
				CLANG_ANALYZER_NONNULL = YES;
				CLANG_ANALYZER_NUMBER_OBJECT_CONVERSION = YES_AGGRESSIVE;
				CLANG_CXX_LANGUAGE_STANDARD = "gnu++20";
				CLANG_ENABLE_MODULES = YES;
				CLANG_ENABLE_OBJC_ARC = YES;
				CLANG_ENABLE_OBJC_WEAK = YES;
				CLANG_WARN_BLOCK_CAPTURE_AUTORELEASING = YES;
				CLANG_WARN_BOOL_CONVERSION = YES;
				CLANG_WARN_COMMA = YES;
				CLANG_WARN_CONSTANT_CONVERSION = YES;
				CLANG_WARN_DEPRECATED_OBJC_IMPLEMENTATIONS = YES;
				CLANG_WARN_DIRECT_OBJC_ISA_USAGE = YES_ERROR;
				CLANG_WARN_DOCUMENTATION_COMMENTS = YES;
				CLANG_WARN_EMPTY_BODY = YES;
				CLANG_WARN_ENUM_CONVERSION = YES;
				CLANG_WARN_INFINITE_RECURSION = YES;
				CLANG_WARN_INT_CONVERSION = YES;
				CLANG_WARN_NON_LITERAL_NULL_CONVERSION = YES;
				CLANG_WARN_OBJC_IMPLICIT_RETAIN_SELF = YES;
				CLANG_WARN_OBJC_LITERAL_CONVERSION = YES;
				CLANG_WARN_OBJC_ROOT_CLASS = YES_ERROR;
				CLANG_WARN_QUOTED_INCLUDE_IN_FRAMEWORK_HEADER = YES;
				CLANG_WARN_RANGE_LOOP_ANALYSIS = YES;
				CLANG_WARN_STRICT_PROTOTYPES = YES;
				CLANG_WARN_SUSPICIOUS_MOVE = YES;
				CLANG_WARN_UNGUARDED_AVAILABILITY = YES_AGGRESSIVE;
				CLANG_WARN_UNREACHABLE_CODE = YES;
				CLANG_WARN__DUPLICATE_METHOD_MATCH = YES;
				COPY_PHASE_STRIP = NO;
				DEBUG_INFORMATION_FORMAT = dwarf;
				ENABLE_STRICT_OBJC_MSGSEND = YES;
				ENABLE_TESTABILITY = YES;
				ENABLE_USER_SCRIPT_SANDBOXING = YES;
				GCC_C_LANGUAGE_STANDARD = gnu17;
				GCC_DYNAMIC_NO_PIC = NO;
				GCC_NO_COMMON_BLOCKS = YES;
				GCC_OPTIMIZATION_LEVEL = 0;
				GCC_PREPROCESSOR_DEFINITIONS = (
					"DEBUG=1",
					"$(inherited)",
				);
				GCC_WARN_64_TO_32_BIT_CONVERSION = YES;
				GCC_WARN_ABOUT_RETURN_TYPE = YES_ERROR;
				GCC_WARN_UNDECLARED_SELECTOR = YES;
				GCC_WARN_UNINITIALIZED_AUTOS = YES_AGGRESSIVE;
				GCC_WARN_UNUSED_FUNCTION = YES;
				GCC_WARN_UNUSED_VARIABLE = YES;
				LOCALIZATION_PREFERS_STRING_CATALOGS = YES;
				MTL_ENABLE_DEBUG_INFO = INCLUDE_SOURCE;
				MTL_FAST_MATH = YES;
				ONLY_ACTIVE_ARCH = YES;
				SWIFT_ACTIVE_COMPILATION_CONDITIONS = "DEBUG $(inherited)";
				SWIFT_OPTIMIZATION_LEVEL = "-Onone";
			};
			name = Debug;
		};
		4F17A2782BF701760023A142 /* Release */ = {
			isa = XCBuildConfiguration;
			buildSettings = {
				ALWAYS_SEARCH_USER_PATHS = NO;
				ASSETCATALOG_COMPILER_GENERATE_SWIFT_ASSET_SYMBOL_EXTENSIONS = YES;
				CLANG_ANALYZER_NONNULL = YES;
				CLANG_ANALYZER_NUMBER_OBJECT_CONVERSION = YES_AGGRESSIVE;
				CLANG_CXX_LANGUAGE_STANDARD = "gnu++20";
				CLANG_ENABLE_MODULES = YES;
				CLANG_ENABLE_OBJC_ARC = YES;
				CLANG_ENABLE_OBJC_WEAK = YES;
				CLANG_WARN_BLOCK_CAPTURE_AUTORELEASING = YES;
				CLANG_WARN_BOOL_CONVERSION = YES;
				CLANG_WARN_COMMA = YES;
				CLANG_WARN_CONSTANT_CONVERSION = YES;
				CLANG_WARN_DEPRECATED_OBJC_IMPLEMENTATIONS = YES;
				CLANG_WARN_DIRECT_OBJC_ISA_USAGE = YES_ERROR;
				CLANG_WARN_DOCUMENTATION_COMMENTS = YES;
				CLANG_WARN_EMPTY_BODY = YES;
				CLANG_WARN_ENUM_CONVERSION = YES;
				CLANG_WARN_INFINITE_RECURSION = YES;
				CLANG_WARN_INT_CONVERSION = YES;
				CLANG_WARN_NON_LITERAL_NULL_CONVERSION = YES;
				CLANG_WARN_OBJC_IMPLICIT_RETAIN_SELF = YES;
				CLANG_WARN_OBJC_LITERAL_CONVERSION = YES;
				CLANG_WARN_OBJC_ROOT_CLASS = YES_ERROR;
				CLANG_WARN_QUOTED_INCLUDE_IN_FRAMEWORK_HEADER = YES;
				CLANG_WARN_RANGE_LOOP_ANALYSIS = YES;
				CLANG_WARN_STRICT_PROTOTYPES = YES;
				CLANG_WARN_SUSPICIOUS_MOVE = YES;
				CLANG_WARN_UNGUARDED_AVAILABILITY = YES_AGGRESSIVE;
				CLANG_WARN_UNREACHABLE_CODE = YES;
				CLANG_WARN__DUPLICATE_METHOD_MATCH = YES;
				COPY_PHASE_STRIP = NO;
				DEBUG_INFORMATION_FORMAT = "dwarf-with-dsym";
				ENABLE_NS_ASSERTIONS = NO;
				ENABLE_STRICT_OBJC_MSGSEND = YES;
				ENABLE_USER_SCRIPT_SANDBOXING = YES;
				GCC_C_LANGUAGE_STANDARD = gnu17;
				GCC_NO_COMMON_BLOCKS = YES;
				GCC_WARN_64_TO_32_BIT_CONVERSION = YES;
				GCC_WARN_ABOUT_RETURN_TYPE = YES_ERROR;
				GCC_WARN_UNDECLARED_SELECTOR = YES;
				GCC_WARN_UNINITIALIZED_AUTOS = YES_AGGRESSIVE;
				GCC_WARN_UNUSED_FUNCTION = YES;
				GCC_WARN_UNUSED_VARIABLE = YES;
				LOCALIZATION_PREFERS_STRING_CATALOGS = YES;
				MTL_ENABLE_DEBUG_INFO = NO;
				MTL_FAST_MATH = YES;
				SWIFT_COMPILATION_MODE = wholemodule;
			};
			name = Release;
		};
		4F17A27A2BF701760023A142 /* Debug */ = {
			isa = XCBuildConfiguration;
			buildSettings = {
				ASSETCATALOG_COMPILER_APPICON_NAME = AppIcon;
				ASSETCATALOG_COMPILER_GLOBAL_ACCENT_COLOR_NAME = AccentColor;
				CODE_SIGN_ENTITLEMENTS = LearningVision/LearningVision.entitlements;
				CODE_SIGN_STYLE = Automatic;
				CURRENT_PROJECT_VERSION = 1;
				DEVELOPMENT_ASSET_PATHS = "\"LearningVision/Preview Content\"";
				DEVELOPMENT_TEAM = 962GM79KMB;
				ENABLE_PREVIEWS = YES;
				GENERATE_INFOPLIST_FILE = YES;
				INFOPLIST_FILE = LearningVision/Info.plist;
				"INFOPLIST_KEY_UIApplicationSceneManifest_Generation[sdk=iphoneos*]" = YES;
				"INFOPLIST_KEY_UIApplicationSceneManifest_Generation[sdk=iphonesimulator*]" = YES;
				"INFOPLIST_KEY_UIApplicationSupportsIndirectInputEvents[sdk=iphoneos*]" = YES;
				"INFOPLIST_KEY_UIApplicationSupportsIndirectInputEvents[sdk=iphonesimulator*]" = YES;
				"INFOPLIST_KEY_UILaunchScreen_Generation[sdk=iphoneos*]" = YES;
				"INFOPLIST_KEY_UILaunchScreen_Generation[sdk=iphonesimulator*]" = YES;
				"INFOPLIST_KEY_UIStatusBarStyle[sdk=iphoneos*]" = UIStatusBarStyleDefault;
				"INFOPLIST_KEY_UIStatusBarStyle[sdk=iphonesimulator*]" = UIStatusBarStyleDefault;
				INFOPLIST_KEY_UISupportedInterfaceOrientations_iPad = "UIInterfaceOrientationPortrait UIInterfaceOrientationPortraitUpsideDown UIInterfaceOrientationLandscapeLeft UIInterfaceOrientationLandscapeRight";
				INFOPLIST_KEY_UISupportedInterfaceOrientations_iPhone = "UIInterfaceOrientationPortrait UIInterfaceOrientationLandscapeLeft UIInterfaceOrientationLandscapeRight";
				IPHONEOS_DEPLOYMENT_TARGET = 17.0;
				LD_RUNPATH_SEARCH_PATHS = "@executable_path/Frameworks";
				"LD_RUNPATH_SEARCH_PATHS[sdk=macosx*]" = "@executable_path/../Frameworks";
				MACOSX_DEPLOYMENT_TARGET = 14.0;
				MARKETING_VERSION = 1.0;
				PRODUCT_BUNDLE_IDENTIFIER = "Apple-Developer-Academy.LearningVision";
				PRODUCT_NAME = "$(TARGET_NAME)";
				SDKROOT = auto;
				SUPPORTED_PLATFORMS = "iphoneos iphonesimulator macosx";
				SWIFT_EMIT_LOC_STRINGS = YES;
				SWIFT_VERSION = 5.0;
				TARGETED_DEVICE_FAMILY = "1,2";
			};
			name = Debug;
		};
		4F17A27B2BF701760023A142 /* Release */ = {
			isa = XCBuildConfiguration;
			buildSettings = {
				ASSETCATALOG_COMPILER_APPICON_NAME = AppIcon;
				ASSETCATALOG_COMPILER_GLOBAL_ACCENT_COLOR_NAME = AccentColor;
				CODE_SIGN_ENTITLEMENTS = LearningVision/LearningVision.entitlements;
				CODE_SIGN_STYLE = Automatic;
				CURRENT_PROJECT_VERSION = 1;
				DEVELOPMENT_ASSET_PATHS = "\"LearningVision/Preview Content\"";
				DEVELOPMENT_TEAM = 962GM79KMB;
				ENABLE_PREVIEWS = YES;
				GENERATE_INFOPLIST_FILE = YES;
				INFOPLIST_FILE = LearningVision/Info.plist;
				"INFOPLIST_KEY_UIApplicationSceneManifest_Generation[sdk=iphoneos*]" = YES;
				"INFOPLIST_KEY_UIApplicationSceneManifest_Generation[sdk=iphonesimulator*]" = YES;
				"INFOPLIST_KEY_UIApplicationSupportsIndirectInputEvents[sdk=iphoneos*]" = YES;
				"INFOPLIST_KEY_UIApplicationSupportsIndirectInputEvents[sdk=iphonesimulator*]" = YES;
				"INFOPLIST_KEY_UILaunchScreen_Generation[sdk=iphoneos*]" = YES;
				"INFOPLIST_KEY_UILaunchScreen_Generation[sdk=iphonesimulator*]" = YES;
				"INFOPLIST_KEY_UIStatusBarStyle[sdk=iphoneos*]" = UIStatusBarStyleDefault;
				"INFOPLIST_KEY_UIStatusBarStyle[sdk=iphonesimulator*]" = UIStatusBarStyleDefault;
				INFOPLIST_KEY_UISupportedInterfaceOrientations_iPad = "UIInterfaceOrientationPortrait UIInterfaceOrientationPortraitUpsideDown UIInterfaceOrientationLandscapeLeft UIInterfaceOrientationLandscapeRight";
				INFOPLIST_KEY_UISupportedInterfaceOrientations_iPhone = "UIInterfaceOrientationPortrait UIInterfaceOrientationLandscapeLeft UIInterfaceOrientationLandscapeRight";
				IPHONEOS_DEPLOYMENT_TARGET = 17.0;
				LD_RUNPATH_SEARCH_PATHS = "@executable_path/Frameworks";
				"LD_RUNPATH_SEARCH_PATHS[sdk=macosx*]" = "@executable_path/../Frameworks";
				MACOSX_DEPLOYMENT_TARGET = 14.0;
				MARKETING_VERSION = 1.0;
				PRODUCT_BUNDLE_IDENTIFIER = "Apple-Developer-Academy.LearningVision";
				PRODUCT_NAME = "$(TARGET_NAME)";
				SDKROOT = auto;
				SUPPORTED_PLATFORMS = "iphoneos iphonesimulator macosx";
				SWIFT_EMIT_LOC_STRINGS = YES;
				SWIFT_VERSION = 5.0;
				TARGETED_DEVICE_FAMILY = "1,2";
			};
			name = Release;
		};
		4F17A27D2BF701760023A142 /* Debug */ = {
			isa = XCBuildConfiguration;
			buildSettings = {
				ALWAYS_EMBED_SWIFT_STANDARD_LIBRARIES = YES;
				BUNDLE_LOADER = "$(TEST_HOST)";
				CODE_SIGN_STYLE = Automatic;
				CURRENT_PROJECT_VERSION = 1;
				GENERATE_INFOPLIST_FILE = YES;
				IPHONEOS_DEPLOYMENT_TARGET = 17.2;
				MACOSX_DEPLOYMENT_TARGET = 14.0;
				MARKETING_VERSION = 1.0;
				PRODUCT_BUNDLE_IDENTIFIER = "Apple-Developer-Academy.LearningVisionTests";
				PRODUCT_NAME = "$(TARGET_NAME)";
				SDKROOT = auto;
				SUPPORTED_PLATFORMS = "iphoneos iphonesimulator macosx";
				SWIFT_EMIT_LOC_STRINGS = NO;
				SWIFT_VERSION = 5.0;
				TARGETED_DEVICE_FAMILY = "1,2";
				TEST_HOST = "$(BUILT_PRODUCTS_DIR)/LearningVision.app/$(BUNDLE_EXECUTABLE_FOLDER_PATH)/LearningVision";
			};
			name = Debug;
		};
		4F17A27E2BF701760023A142 /* Release */ = {
			isa = XCBuildConfiguration;
			buildSettings = {
				ALWAYS_EMBED_SWIFT_STANDARD_LIBRARIES = YES;
				BUNDLE_LOADER = "$(TEST_HOST)";
				CODE_SIGN_STYLE = Automatic;
				CURRENT_PROJECT_VERSION = 1;
				GENERATE_INFOPLIST_FILE = YES;
				IPHONEOS_DEPLOYMENT_TARGET = 17.2;
				MACOSX_DEPLOYMENT_TARGET = 14.0;
				MARKETING_VERSION = 1.0;
				PRODUCT_BUNDLE_IDENTIFIER = "Apple-Developer-Academy.LearningVisionTests";
				PRODUCT_NAME = "$(TARGET_NAME)";
				SDKROOT = auto;
				SUPPORTED_PLATFORMS = "iphoneos iphonesimulator macosx";
				SWIFT_EMIT_LOC_STRINGS = NO;
				SWIFT_VERSION = 5.0;
				TARGETED_DEVICE_FAMILY = "1,2";
				TEST_HOST = "$(BUILT_PRODUCTS_DIR)/LearningVision.app/$(BUNDLE_EXECUTABLE_FOLDER_PATH)/LearningVision";
			};
			name = Release;
		};
		4F17A2802BF701760023A142 /* Debug */ = {
			isa = XCBuildConfiguration;
			buildSettings = {
				ALWAYS_EMBED_SWIFT_STANDARD_LIBRARIES = YES;
				CODE_SIGN_STYLE = Automatic;
				CURRENT_PROJECT_VERSION = 1;
				GENERATE_INFOPLIST_FILE = YES;
				IPHONEOS_DEPLOYMENT_TARGET = 17.2;
				MACOSX_DEPLOYMENT_TARGET = 14.0;
				MARKETING_VERSION = 1.0;
				PRODUCT_BUNDLE_IDENTIFIER = "Apple-Developer-Academy.LearningVisionUITests";
				PRODUCT_NAME = "$(TARGET_NAME)";
				SDKROOT = auto;
				SUPPORTED_PLATFORMS = "iphoneos iphonesimulator macosx";
				SWIFT_EMIT_LOC_STRINGS = NO;
				SWIFT_VERSION = 5.0;
				TARGETED_DEVICE_FAMILY = "1,2";
				TEST_TARGET_NAME = LearningVision;
			};
			name = Debug;
		};
		4F17A2812BF701760023A142 /* Release */ = {
			isa = XCBuildConfiguration;
			buildSettings = {
				ALWAYS_EMBED_SWIFT_STANDARD_LIBRARIES = YES;
				CODE_SIGN_STYLE = Automatic;
				CURRENT_PROJECT_VERSION = 1;
				GENERATE_INFOPLIST_FILE = YES;
				IPHONEOS_DEPLOYMENT_TARGET = 17.2;
				MACOSX_DEPLOYMENT_TARGET = 14.0;
				MARKETING_VERSION = 1.0;
				PRODUCT_BUNDLE_IDENTIFIER = "Apple-Developer-Academy.LearningVisionUITests";
				PRODUCT_NAME = "$(TARGET_NAME)";
				SDKROOT = auto;
				SUPPORTED_PLATFORMS = "iphoneos iphonesimulator macosx";
				SWIFT_EMIT_LOC_STRINGS = NO;
				SWIFT_VERSION = 5.0;
				TARGETED_DEVICE_FAMILY = "1,2";
				TEST_TARGET_NAME = LearningVision;
			};
			name = Release;
		};
/* End XCBuildConfiguration section */

/* Begin XCConfigurationList section */
		4F17A24F2BF701750023A142 /* Build configuration list for PBXProject "LearningVision" */ = {
			isa = XCConfigurationList;
			buildConfigurations = (
				4F17A2772BF701760023A142 /* Debug */,
				4F17A2782BF701760023A142 /* Release */,
			);
			defaultConfigurationIsVisible = 0;
			defaultConfigurationName = Release;
		};
		4F17A2792BF701760023A142 /* Build configuration list for PBXNativeTarget "LearningVision" */ = {
			isa = XCConfigurationList;
			buildConfigurations = (
				4F17A27A2BF701760023A142 /* Debug */,
				4F17A27B2BF701760023A142 /* Release */,
			);
			defaultConfigurationIsVisible = 0;
			defaultConfigurationName = Release;
		};
		4F17A27C2BF701760023A142 /* Build configuration list for PBXNativeTarget "LearningVisionTests" */ = {
			isa = XCConfigurationList;
			buildConfigurations = (
				4F17A27D2BF701760023A142 /* Debug */,
				4F17A27E2BF701760023A142 /* Release */,
			);
			defaultConfigurationIsVisible = 0;
			defaultConfigurationName = Release;
		};
		4F17A27F2BF701760023A142 /* Build configuration list for PBXNativeTarget "LearningVisionUITests" */ = {
			isa = XCConfigurationList;
			buildConfigurations = (
				4F17A2802BF701760023A142 /* Debug */,
				4F17A2812BF701760023A142 /* Release */,
			);
			defaultConfigurationIsVisible = 0;
			defaultConfigurationName = Release;
		};
/* End XCConfigurationList section */
	};
	rootObject = 4F17A24C2BF701750023A142 /* Project object */;
}
